
Microsoft Visual Studio Solution File, Format Version 12.00
# Visual Studio Version 16
VisualStudioVersion = 16.0.31205.134
MinimumVisualStudioVersion = 10.0.40219.1
Project("{2150E333-8FDC-42A3-9474-1A3956D46DE8}") = "Infrastructure", "Infrastructure", "{3767D0DB-4083-4F85-A54D-3FD53DEAC23A}"
EndProject
Project("{2150E333-8FDC-42A3-9474-1A3956D46DE8}") = "Presentatin Layers", "Presentatin Layers", "{B27CA517-AA2C-4AD0-95EE-D1BB5E0E6345}"
EndProject
Project("{FAE04EC0-301F-11D3-BF4B-00C04F79EFBC}") = "GenericCrud.Core", "GenericCrud.Core\GenericCrud.Core.csproj", "{DC736168-E5EA-4FA2-9991-675F37A843F6}"
EndProject
Project("{FAE04EC0-301F-11D3-BF4B-00C04F79EFBC}") = "GenericCrud.Entity", "GenericCrud.Entity\GenericCrud.Entity.csproj", "{E6778F83-D867-4942-A118-DDD9C59BF760}"
EndProject
Project("{FAE04EC0-301F-11D3-BF4B-00C04F79EFBC}") = "GenericCrud.Business", "GenericCrud.Business\GenericCrud.Business.csproj", "{CD41DE7D-3CEE-46EC-9B47-709DE4471DB6}"
EndProject
Project("{FAE04EC0-301F-11D3-BF4B-00C04F79EFBC}") = "GenericCrud.Winform", "GenericCrud.Winform\GenericCrud.Winform.csproj", "{19354049-DB2A-4DD8-8078-2FC78F9A27A3}"
EndProject
Project("{FAE04EC0-301F-11D3-BF4B-00C04F79EFBC}") = "GenericCrud.Helper", "GenericCrud.Helper\GenericCrud.Helper.csproj", "{3697C08B-BBD7-408D-B7B7-F1567A266972}"
EndProject
Global
	GlobalSection(SolutionConfigurationPlatforms) = preSolution
		Debug|Any CPU = Debug|Any CPU
		Release|Any CPU = Release|Any CPU
	EndGlobalSection
	GlobalSection(ProjectConfigurationPlatforms) = postSolution
		{DC736168-E5EA-4FA2-9991-675F37A843F6}.Debug|Any CPU.ActiveCfg = Debug|Any CPU
		{DC736168-E5EA-4FA2-9991-675F37A843F6}.Debug|Any CPU.Build.0 = Debug|Any CPU
		{DC736168-E5EA-4FA2-9991-675F37A843F6}.Release|Any CPU.ActiveCfg = Release|Any CPU
		{DC736168-E5EA-4FA2-9991-675F37A843F6}.Release|Any CPU.Build.0 = Release|Any CPU
		{E6778F83-D867-4942-A118-DDD9C59BF760}.Debug|Any CPU.ActiveCfg = Debug|Any CPU
		{E6778F83-D867-4942-A118-DDD9C59BF760}.Debug|Any CPU.Build.0 = Debug|Any CPU
		{E6778F83-D867-4942-A118-DDD9C59BF760}.Release|Any CPU.ActiveCfg = Release|Any CPU
		{E6778F83-D867-4942-A118-DDD9C59BF760}.Release|Any CPU.Build.0 = Release|Any CPU
		{CD41DE7D-3CEE-46EC-9B47-709DE4471DB6}.Debug|Any CPU.ActiveCfg = Debug|Any CPU
		{CD41DE7D-3CEE-46EC-9B47-709DE4471DB6}.Debug|Any CPU.Build.0 = Debug|Any CPU
		{CD41DE7D-3CEE-46EC-9B47-709DE4471DB6}.Release|Any CPU.ActiveCfg = Release|Any CPU
		{CD41DE7D-3CEE-46EC-9B47-709DE4471DB6}.Release|Any CPU.Build.0 = Release|Any CPU
		{19354049-DB2A-4DD8-8078-2FC78F9A27A3}.Debug|Any CPU.ActiveCfg = Debug|Any CPU
		{19354049-DB2A-4DD8-8078-2FC78F9A27A3}.Debug|Any CPU.Build.0 = Debug|Any CPU
		{19354049-DB2A-4DD8-8078-2FC78F9A27A3}.Release|Any CPU.ActiveCfg = Release|Any CPU
		{19354049-DB2A-4DD8-8078-2FC78F9A27A3}.Release|Any CPU.Build.0 = Release|Any CPU
		{3697C08B-BBD7-408D-B7B7-F1567A266972}.Debug|Any CPU.ActiveCfg = Debug|Any CPU
		{3697C08B-BBD7-408D-B7B7-F1567A266972}.Debug|Any CPU.Build.0 = Debug|Any CPU
		{3697C08B-BBD7-408D-B7B7-F1567A266972}.Release|Any CPU.ActiveCfg = Release|Any CPU
		{3697C08B-BBD7-408D-B7B7-F1567A266972}.Release|Any CPU.Build.0 = Release|Any CPU
	EndGlobalSection
	GlobalSection(SolutionProperties) = preSolution
		HideSolutionNode = FALSE
	EndGlobalSection
	GlobalSection(NestedProjects) = preSolution
		{DC736168-E5EA-4FA2-9991-675F37A843F6} = {3767D0DB-4083-4F85-A54D-3FD53DEAC23A}
		{E6778F83-D867-4942-A118-DDD9C59BF760} = {3767D0DB-4083-4F85-A54D-3FD53DEAC23A}
		{CD41DE7D-3CEE-46EC-9B47-709DE4471DB6} = {3767D0DB-4083-4F85-A54D-3FD53DEAC23A}
		{19354049-DB2A-4DD8-8078-2FC78F9A27A3} = {B27CA517-AA2C-4AD0-95EE-D1BB5E0E6345}
		{3697C08B-BBD7-408D-B7B7-F1567A266972} = {3767D0DB-4083-4F85-A54D-3FD53DEAC23A}
	EndGlobalSection
	GlobalSection(ExtensibilityGlobals) = postSolution
		SolutionGuid = {AA1FBC14-F8C9-4D48-9BF8-48E8D4DF99F1}
	EndGlobalSection
EndGlobal
